
Microsoft Visual Studio Solution File, Format Version 12.00
# Visual Studio Version 16
VisualStudioVersion = 16.0.30711.63
MinimumVisualStudioVersion = 10.0.40219.1
Project("{FAE04EC0-301F-11D3-BF4B-00C04F79EFBC}") = "TesteGit", "TesteGit.csproj", "{BC7CE7AD-75C7-4109-A329-01F703180A3B}"
EndProject
Global
	GlobalSection(SolutionConfigurationPlatforms) = preSolution
		Debug|Any CPU = Debug|Any CPU
		Release|Any CPU = Release|Any CPU
	EndGlobalSection
	GlobalSection(ProjectConfigurationPlatforms) = postSolution
		{BC7CE7AD-75C7-4109-A329-01F703180A3B}.Debug|Any CPU.ActiveCfg = Debug|Any CPU
		{BC7CE7AD-75C7-4109-A329-01F703180A3B}.Debug|Any CPU.Build.0 = Debug|Any CPU
		{BC7CE7AD-75C7-4109-A329-01F703180A3B}.Release|Any CPU.ActiveCfg = Release|Any CPU
		{BC7CE7AD-75C7-4109-A329-01F703180A3B}.Release|Any CPU.Build.0 = Release|Any CPU
	EndGlobalSection
	GlobalSection(SolutionProperties) = preSolution
		HideSolutionNode = FALSE
	EndGlobalSection
	GlobalSection(ExtensibilityGlobals) = postSolution
		SolutionGuid = {A1488C8B-9F80-465A-9577-45406418DF57}
	EndGlobalSection
EndGlobal
